
Microsoft Visual Studio Solution File, Format Version 12.00
# Visual Studio Version 16
VisualStudioVersion = 16.0.31702.278
MinimumVisualStudioVersion = 10.0.40219.1
Project("{FAE04EC0-301F-11D3-BF4B-00C04F79EFBC}") = "ExampPractise", "ExampPractise\ExampPractise.csproj", "{22D2994A-F0B9-4709-A22F-0130E7B89921}"
EndProject
Global
	GlobalSection(SolutionConfigurationPlatforms) = preSolution
		Debug|Any CPU = Debug|Any CPU
		Release|Any CPU = Release|Any CPU
	EndGlobalSection
	GlobalSection(ProjectConfigurationPlatforms) = postSolution
		{22D2994A-F0B9-4709-A22F-0130E7B89921}.Debug|Any CPU.ActiveCfg = Debug|Any CPU
		{22D2994A-F0B9-4709-A22F-0130E7B89921}.Debug|Any CPU.Build.0 = Debug|Any CPU
		{22D2994A-F0B9-4709-A22F-0130E7B89921}.Release|Any CPU.ActiveCfg = Release|Any CPU
		{22D2994A-F0B9-4709-A22F-0130E7B89921}.Release|Any CPU.Build.0 = Release|Any CPU
	EndGlobalSection
	GlobalSection(SolutionProperties) = preSolution
		HideSolutionNode = FALSE
	EndGlobalSection
	GlobalSection(ExtensibilityGlobals) = postSolution
		SolutionGuid = {EFABF006-3201-4D91-9788-DC486B5AE6A5}
	EndGlobalSection
EndGlobal
